
Microsoft Visual Studio Solution File, Format Version 12.00
# Visual Studio 15
VisualStudioVersion = 15.0.28307.421
MinimumVisualStudioVersion = 10.0.40219.1
Project("{FAE04EC0-301F-11D3-BF4B-00C04F79EFBC}") = "helloworldGit2", "helloworldGit2\helloworldGit2.csproj", "{F1067C73-CE01-4311-B767-5D0983632023}"
EndProject
Global
	GlobalSection(SolutionConfigurationPlatforms) = preSolution
		Debug|Any CPU = Debug|Any CPU
		Release|Any CPU = Release|Any CPU
	EndGlobalSection
	GlobalSection(ProjectConfigurationPlatforms) = postSolution
		{F1067C73-CE01-4311-B767-5D0983632023}.Debug|Any CPU.ActiveCfg = Debug|Any CPU
		{F1067C73-CE01-4311-B767-5D0983632023}.Debug|Any CPU.Build.0 = Debug|Any CPU
		{F1067C73-CE01-4311-B767-5D0983632023}.Release|Any CPU.ActiveCfg = Release|Any CPU
		{F1067C73-CE01-4311-B767-5D0983632023}.Release|Any CPU.Build.0 = Release|Any CPU
	EndGlobalSection
	GlobalSection(SolutionProperties) = preSolution
		HideSolutionNode = FALSE
	EndGlobalSection
	GlobalSection(ExtensibilityGlobals) = postSolution
		SolutionGuid = {FCD25386-DE2E-4E0C-ABC9-B440C657C015}
	EndGlobalSection
EndGlobal
